// !$*UTF8*$!
{
	archiveVersion = 1;
	classes = {
	};
	objectVersion = 50;
	objects = {

/* Begin PBXBuildFile section */
		B94DF3E121A3F94E00CE30DF /* AppDelegate.swift in Sources */ = {isa = PBXBuildFile; fileRef = B94DF3E021A3F94E00CE30DF /* AppDelegate.swift */; };
		B94DF3E321A3F94E00CE30DF /* ViewController.swift in Sources */ = {isa = PBXBuildFile; fileRef = B94DF3E221A3F94E00CE30DF /* ViewController.swift */; };
		B94DF3E621A3F94E00CE30DF /* Main.storyboard in Resources */ = {isa = PBXBuildFile; fileRef = B94DF3E421A3F94E00CE30DF /* Main.storyboard */; };
		B94DF3E821A3F95000CE30DF /* Assets.xcassets in Resources */ = {isa = PBXBuildFile; fileRef = B94DF3E721A3F95000CE30DF /* Assets.xcassets */; };
		B94DF3EB21A3F95000CE30DF /* LaunchScreen.storyboard in Resources */ = {isa = PBXBuildFile; fileRef = B94DF3E921A3F95000CE30DF /* LaunchScreen.storyboard */; };
		B94DF3F621A3F95000CE30DF /* kotliniOSTests.swift in Sources */ = {isa = PBXBuildFile; fileRef = B94DF3F521A3F95000CE30DF /* kotliniOSTests.swift */; };
		B94DF40121A3F95000CE30DF /* kotliniOSUITests.swift in Sources */ = {isa = PBXBuildFile; fileRef = B94DF40021A3F95000CE30DF /* kotliniOSUITests.swift */; };
		B94DF40F21A3F9EC00CE30DF /* common.framework in Frameworks */ = {isa = PBXBuildFile; fileRef = B94DF40E21A3F9EC00CE30DF /* common.framework */; };
		B94DF41021A3F9EC00CE30DF /* common.framework in Embed Frameworks */ = {isa = PBXBuildFile; fileRef = B94DF40E21A3F9EC00CE30DF /* common.framework */; settings = {ATTRIBUTES = (CodeSignOnCopy, RemoveHeadersOnCopy, ); }; };
/* End PBXBuildFile section */

/* Begin PBXContainerItemProxy section */
		B94DF3F221A3F95000CE30DF /* PBXContainerItemProxy */ = {
			isa = PBXContainerItemProxy;
			containerPortal = B94DF3D521A3F94E00CE30DF /* Project object */;
			proxyType = 1;
			remoteGlobalIDString = B94DF3DC21A3F94E00CE30DF;
			remoteInfo = kotliniOS;
		};
		B94DF3FD21A3F95000CE30DF /* PBXContainerItemProxy */ = {
			isa = PBXContainerItemProxy;
			containerPortal = B94DF3D521A3F94E00CE30DF /* Project object */;
			proxyType = 1;
			remoteGlobalIDString = B94DF3DC21A3F94E00CE30DF;
			remoteInfo = kotliniOS;
		};
/* End PBXContainerItemProxy section */

/* Begin PBXCopyFilesBuildPhase section */
		B94DF41121A3F9EC00CE30DF /* Embed Frameworks */ = {
			isa = PBXCopyFilesBuildPhase;
			buildActionMask = 2147483647;
			dstPath = "";
			dstSubfolderSpec = 10;
			files = (
				B94DF41021A3F9EC00CE30DF /* common.framework in Embed Frameworks */,
			);
			name = "Embed Frameworks";
			runOnlyForDeploymentPostprocessing = 0;
		};
/* End PBXCopyFilesBuildPhase section */

/* Begin PBXFileReference section */
		B94DF3DD21A3F94E00CE30DF /* kotliniOS.app */ = {isa = PBXFileReference; explicitFileType = wrapper.application; includeInIndex = 0; path = kotliniOS.app; sourceTree = BUILT_PRODUCTS_DIR; };
		B94DF3E021A3F94E00CE30DF /* AppDelegate.swift */ = {isa = PBXFileReference; lastKnownFileType = sourcecode.swift; path = AppDelegate.swift; sourceTree = "<group>"; };
		B94DF3E221A3F94E00CE30DF /* ViewController.swift */ = {isa = PBXFileReference; lastKnownFileType = sourcecode.swift; path = ViewController.swift; sourceTree = "<group>"; };
		B94DF3E521A3F94E00CE30DF /* Base */ = {isa = PBXFileReference; lastKnownFileType = file.storyboard; name = Base; path = Base.lproj/Main.storyboard; sourceTree = "<group>"; };
		B94DF3E721A3F95000CE30DF /* Assets.xcassets */ = {isa = PBXFileReference; lastKnownFileType = folder.assetcatalog; path = Assets.xcassets; sourceTree = "<group>"; };
		B94DF3EA21A3F95000CE30DF /* Base */ = {isa = PBXFileReference; lastKnownFileType = file.storyboard; name = Base; path = Base.lproj/LaunchScreen.storyboard; sourceTree = "<group>"; };
		B94DF3EC21A3F95000CE30DF /* Info.plist */ = {isa = PBXFileReference; lastKnownFileType = text.plist.xml; path = Info.plist; sourceTree = "<group>"; };
		B94DF3F121A3F95000CE30DF /* kotliniOSTests.xctest */ = {isa = PBXFileReference; explicitFileType = wrapper.cfbundle; includeInIndex = 0; path = kotliniOSTests.xctest; sourceTree = BUILT_PRODUCTS_DIR; };
		B94DF3F521A3F95000CE30DF /* kotliniOSTests.swift */ = {isa = PBXFileReference; lastKnownFileType = sourcecode.swift; path = kotliniOSTests.swift; sourceTree = "<group>"; };
		B94DF3F721A3F95000CE30DF /* Info.plist */ = {isa = PBXFileReference; lastKnownFileType = text.plist.xml; path = Info.plist; sourceTree = "<group>"; };
		B94DF3FC21A3F95000CE30DF /* kotliniOSUITests.xctest */ = {isa = PBXFileReference; explicitFileType = wrapper.cfbundle; includeInIndex = 0; path = kotliniOSUITests.xctest; sourceTree = BUILT_PRODUCTS_DIR; };
		B94DF40021A3F95000CE30DF /* kotliniOSUITests.swift */ = {isa = PBXFileReference; lastKnownFileType = sourcecode.swift; path = kotliniOSUITests.swift; sourceTree = "<group>"; };
		B94DF40221A3F95000CE30DF /* Info.plist */ = {isa = PBXFileReference; lastKnownFileType = text.plist.xml; path = Info.plist; sourceTree = "<group>"; };
		B94DF40E21A3F9EC00CE30DF /* common.framework */ = {isa = PBXFileReference; lastKnownFileType = wrapper.framework; name = common.framework; path = "../../common/build/xcode-frameworks/common.framework"; sourceTree = "<group>"; };
/* End PBXFileReference section */

/* Begin PBXFrameworksBuildPhase section */
		B94DF3DA21A3F94E00CE30DF /* Frameworks */ = {
			isa = PBXFrameworksBuildPhase;
			buildActionMask = 2147483647;
			files = (
				B94DF40F21A3F9EC00CE30DF /* common.framework in Frameworks */,
			);
			runOnlyForDeploymentPostprocessing = 0;
		};
		B94DF3EE21A3F95000CE30DF /* Frameworks */ = {
			isa = PBXFrameworksBuildPhase;
			buildActionMask = 2147483647;
			files = (
			);
			runOnlyForDeploymentPostprocessing = 0;
		};
		B94DF3F921A3F95000CE30DF /* Frameworks */ = {
			isa = PBXFrameworksBuildPhase;
			buildActionMask = 2147483647;
			files = (
			);
			runOnlyForDeploymentPostprocessing = 0;
		};
/* End PBXFrameworksBuildPhase section */

/* Begin PBXGroup section */
		B94DF3D421A3F94E00CE30DF = {
			isa = PBXGroup;
			children = (
				B94DF40E21A3F9EC00CE30DF /* common.framework */,
				B94DF3DF21A3F94E00CE30DF /* kotliniOS */,
				B94DF3F421A3F95000CE30DF /* kotliniOSTests */,
				B94DF3FF21A3F95000CE30DF /* kotliniOSUITests */,
				B94DF3DE21A3F94E00CE30DF /* Products */,
			);
			sourceTree = "<group>";
		};
		B94DF3DE21A3F94E00CE30DF /* Products */ = {
			isa = PBXGroup;
			children = (
				B94DF3DD21A3F94E00CE30DF /* kotliniOS.app */,
				B94DF3F121A3F95000CE30DF /* kotliniOSTests.xctest */,
				B94DF3FC21A3F95000CE30DF /* kotliniOSUITests.xctest */,
			);
			name = Products;
			sourceTree = "<group>";
		};
		B94DF3DF21A3F94E00CE30DF /* kotliniOS */ = {
			isa = PBXGroup;
			children = (
				B94DF3E021A3F94E00CE30DF /* AppDelegate.swift */,
				B94DF3E221A3F94E00CE30DF /* ViewController.swift */,
				B94DF3E421A3F94E00CE30DF /* Main.storyboard */,
				B94DF3E721A3F95000CE30DF /* Assets.xcassets */,
				B94DF3E921A3F95000CE30DF /* LaunchScreen.storyboard */,
				B94DF3EC21A3F95000CE30DF /* Info.plist */,
			);
			path = kotliniOS;
			sourceTree = "<group>";
		};
		B94DF3F421A3F95000CE30DF /* kotliniOSTests */ = {
			isa = PBXGroup;
			children = (
				B94DF3F521A3F95000CE30DF /* kotliniOSTests.swift */,
				B94DF3F721A3F95000CE30DF /* Info.plist */,
			);
			path = kotliniOSTests;
			sourceTree = "<group>";
		};
		B94DF3FF21A3F95000CE30DF /* kotliniOSUITests */ = {
			isa = PBXGroup;
			children = (
				B94DF40021A3F95000CE30DF /* kotliniOSUITests.swift */,
				B94DF40221A3F95000CE30DF /* Info.plist */,
			);
			path = kotliniOSUITests;
			sourceTree = "<group>";
		};
/* End PBXGroup section */

/* Begin PBXNativeTarget section */
		B94DF3DC21A3F94E00CE30DF /* kotliniOS */ = {
			isa = PBXNativeTarget;
			buildConfigurationList = B94DF40521A3F95000CE30DF /* Build configuration list for PBXNativeTarget "kotliniOS" */;
			buildPhases = (
				B94DF41221A3FAA900CE30DF /* ShellScript */,
				B94DF3D921A3F94E00CE30DF /* Sources */,
				B94DF3DA21A3F94E00CE30DF /* Frameworks */,
				B94DF3DB21A3F94E00CE30DF /* Resources */,
				B94DF41121A3F9EC00CE30DF /* Embed Frameworks */,
			);
			buildRules = (
			);
			dependencies = (
			);
			name = kotliniOS;
			productName = kotliniOS;
			productReference = B94DF3DD21A3F94E00CE30DF /* kotliniOS.app */;
			productType = "com.apple.product-type.application";
		};
		B94DF3F021A3F95000CE30DF /* kotliniOSTests */ = {
			isa = PBXNativeTarget;
			buildConfigurationList = B94DF40821A3F95000CE30DF /* Build configuration list for PBXNativeTarget "kotliniOSTests" */;
			buildPhases = (
				B94DF3ED21A3F95000CE30DF /* Sources */,
				B94DF3EE21A3F95000CE30DF /* Frameworks */,
				B94DF3EF21A3F95000CE30DF /* Resources */,
			);
			buildRules = (
			);
			dependencies = (
				B94DF3F321A3F95000CE30DF /* PBXTargetDependency */,
			);
			name = kotliniOSTests;
			productName = kotliniOSTests;
			productReference = B94DF3F121A3F95000CE30DF /* kotliniOSTests.xctest */;
			productType = "com.apple.product-type.bundle.unit-test";
		};
		B94DF3FB21A3F95000CE30DF /* kotliniOSUITests */ = {
			isa = PBXNativeTarget;
			buildConfigurationList = B94DF40B21A3F95000CE30DF /* Build configuration list for PBXNativeTarget "kotliniOSUITests" */;
			buildPhases = (
				B94DF3F821A3F95000CE30DF /* Sources */,
				B94DF3F921A3F95000CE30DF /* Frameworks */,
				B94DF3FA21A3F95000CE30DF /* Resources */,
			);
			buildRules = (
			);
			dependencies = (
				B94DF3FE21A3F95000CE30DF /* PBXTargetDependency */,
			);
			name = kotliniOSUITests;
			productName = kotliniOSUITests;
			productReference = B94DF3FC21A3F95000CE30DF /* kotliniOSUITests.xctest */;
			productType = "com.apple.product-type.bundle.ui-testing";
		};
/* End PBXNativeTarget section */

/* Begin PBXProject section */
		B94DF3D521A3F94E00CE30DF /* Project object */ = {
			isa = PBXProject;
			attributes = {
				LastSwiftUpdateCheck = 1010;
				LastUpgradeCheck = 1010;
				ORGANIZATIONNAME = "弥永裕介";
				TargetAttributes = {
					B94DF3DC21A3F94E00CE30DF = {
						CreatedOnToolsVersion = 10.1;
					};
					B94DF3F021A3F95000CE30DF = {
						CreatedOnToolsVersion = 10.1;
						TestTargetID = B94DF3DC21A3F94E00CE30DF;
					};
					B94DF3FB21A3F95000CE30DF = {
						CreatedOnToolsVersion = 10.1;
						TestTargetID = B94DF3DC21A3F94E00CE30DF;
					};
				};
			};
			buildConfigurationList = B94DF3D821A3F94E00CE30DF /* Build configuration list for PBXProject "kotliniOS" */;
			compatibilityVersion = "Xcode 9.3";
			developmentRegion = en;
			hasScannedForEncodings = 0;
			knownRegions = (
				en,
				Base,
			);
			mainGroup = B94DF3D421A3F94E00CE30DF;
			productRefGroup = B94DF3DE21A3F94E00CE30DF /* Products */;
			projectDirPath = "";
			projectRoot = "";
			targets = (
				B94DF3DC21A3F94E00CE30DF /* kotliniOS */,
				B94DF3F021A3F95000CE30DF /* kotliniOSTests */,
				B94DF3FB21A3F95000CE30DF /* kotliniOSUITests */,
			);
		};
/* End PBXProject section */

/* Begin PBXResourcesBuildPhase section */
		B94DF3DB21A3F94E00CE30DF /* Resources */ = {
			isa = PBXResourcesBuildPhase;
			buildActionMask = 2147483647;
			files = (
				B94DF3EB21A3F95000CE30DF /* LaunchScreen.storyboard in Resources */,
				B94DF3E821A3F95000CE30DF /* Assets.xcassets in Resources */,
				B94DF3E621A3F94E00CE30DF /* Main.storyboard in Resources */,
			);
			runOnlyForDeploymentPostprocessing = 0;
		};
		B94DF3EF21A3F95000CE30DF /* Resources */ = {
			isa = PBXResourcesBuildPhase;
			buildActionMask = 2147483647;
			files = (
			);
			runOnlyForDeploymentPostprocessing = 0;
		};
		B94DF3FA21A3F95000CE30DF /* Resources */ = {
			isa = PBXResourcesBuildPhase;
			buildActionMask = 2147483647;
			files = (
			);
			runOnlyForDeploymentPostprocessing = 0;
		};
/* End PBXResourcesBuildPhase section */

/* Begin PBXShellScriptBuildPhase section */
		B94DF41221A3FAA900CE30DF /* ShellScript */ = {
			isa = PBXShellScriptBuildPhase;
			buildActionMask = 2147483647;
			files = (
			);
			inputFileListPaths = (
			);
			inputPaths = (
			);
			outputFileListPaths = (
			);
			outputPaths = (
			);
			runOnlyForDeploymentPostprocessing = 0;
			shellPath = /bin/sh;
			shellScript = "cd $SRCROOT/../../common/build/xcode-frameworks/\n./gradlew :common:packForXCode -PXCODE_CONFIGURATION=${CONFIGURATION}\n";
		};
/* End PBXShellScriptBuildPhase section */

/* Begin PBXSourcesBuildPhase section */
		B94DF3D921A3F94E00CE30DF /* Sources */ = {
			isa = PBXSourcesBuildPhase;
			buildActionMask = 2147483647;
			files = (
				B94DF3E321A3F94E00CE30DF /* ViewController.swift in Sources */,
				B94DF3E121A3F94E00CE30DF /* AppDelegate.swift in Sources */,
			);
			runOnlyForDeploymentPostprocessing = 0;
		};
		B94DF3ED21A3F95000CE30DF /* Sources */ = {
			isa = PBXSourcesBuildPhase;
			buildActionMask = 2147483647;
			files = (
				B94DF3F621A3F95000CE30DF /* kotliniOSTests.swift in Sources */,
			);
			runOnlyForDeploymentPostprocessing = 0;
		};
		B94DF3F821A3F95000CE30DF /* Sources */ = {
			isa = PBXSourcesBuildPhase;
			buildActionMask = 2147483647;
			files = (
				B94DF40121A3F95000CE30DF /* kotliniOSUITests.swift in Sources */,
			);
			runOnlyForDeploymentPostprocessing = 0;
		};
/* End PBXSourcesBuildPhase section */

/* Begin PBXTargetDependency section */
		B94DF3F321A3F95000CE30DF /* PBXTargetDependency */ = {
			isa = PBXTargetDependency;
			target = B94DF3DC21A3F94E00CE30DF /* kotliniOS */;
			targetProxy = B94DF3F221A3F95000CE30DF /* PBXContainerItemProxy */;
		};
		B94DF3FE21A3F95000CE30DF /* PBXTargetDependency */ = {
			isa = PBXTargetDependency;
			target = B94DF3DC21A3F94E00CE30DF /* kotliniOS */;
			targetProxy = B94DF3FD21A3F95000CE30DF /* PBXContainerItemProxy */;
		};
/* End PBXTargetDependency section */

/* Begin PBXVariantGroup section */
		B94DF3E421A3F94E00CE30DF /* Main.storyboard */ = {
			isa = PBXVariantGroup;
			children = (
				B94DF3E521A3F94E00CE30DF /* Base */,
			);
			name = Main.storyboard;
			sourceTree = "<group>";
		};
		B94DF3E921A3F95000CE30DF /* LaunchScreen.storyboard */ = {
			isa = PBXVariantGroup;
			children = (
				B94DF3EA21A3F95000CE30DF /* Base */,
			);
			name = LaunchScreen.storyboard;
			sourceTree = "<group>";
		};
/* End PBXVariantGroup section */

/* Begin XCBuildConfiguration section */
		B94DF40321A3F95000CE30DF /* Debug */ = {
			isa = XCBuildConfiguration;
			buildSettings = {
				ALWAYS_SEARCH_USER_PATHS = NO;
				CLANG_ANALYZER_NONNULL = YES;
				CLANG_ANALYZER_NUMBER_OBJECT_CONVERSION = YES_AGGRESSIVE;
				CLANG_CXX_LANGUAGE_STANDARD = "gnu++14";
				CLANG_CXX_LIBRARY = "libc++";
				CLANG_ENABLE_MODULES = YES;
				CLANG_ENABLE_OBJC_ARC = YES;
				CLANG_ENABLE_OBJC_WEAK = YES;
				CLANG_WARN_BLOCK_CAPTURE_AUTORELEASING = YES;
				CLANG_WARN_BOOL_CONVERSION = YES;
				CLANG_WARN_COMMA = YES;
				CLANG_WARN_CONSTANT_CONVERSION = YES;
				CLANG_WARN_DEPRECATED_OBJC_IMPLEMENTATIONS = YES;
				CLANG_WARN_DIRECT_OBJC_ISA_USAGE = YES_ERROR;
				CLANG_WARN_DOCUMENTATION_COMMENTS = YES;
				CLANG_WARN_EMPTY_BODY = YES;
				CLANG_WARN_ENUM_CONVERSION = YES;
				CLANG_WARN_INFINITE_RECURSION = YES;
				CLANG_WARN_INT_CONVERSION = YES;
				CLANG_WARN_NON_LITERAL_NULL_CONVERSION = YES;
				CLANG_WARN_OBJC_IMPLICIT_RETAIN_SELF = YES;
				CLANG_WARN_OBJC_LITERAL_CONVERSION = YES;
				CLANG_WARN_OBJC_ROOT_CLASS = YES_ERROR;
				CLANG_WARN_RANGE_LOOP_ANALYSIS = YES;
				CLANG_WARN_STRICT_PROTOTYPES = YES;
				CLANG_WARN_SUSPICIOUS_MOVE = YES;
				CLANG_WARN_UNGUARDED_AVAILABILITY = YES_AGGRESSIVE;
				CLANG_WARN_UNREACHABLE_CODE = YES;
				CLANG_WARN__DUPLICATE_METHOD_MATCH = YES;
				CODE_SIGN_IDENTITY = "iPhone Developer";
				COPY_PHASE_STRIP = NO;
				DEBUG_INFORMATION_FORMAT = dwarf;
				ENABLE_STRICT_OBJC_MSGSEND = YES;
				ENABLE_TESTABILITY = YES;
				GCC_C_LANGUAGE_STANDARD = gnu11;
				GCC_DYNAMIC_NO_PIC = NO;
				GCC_NO_COMMON_BLOCKS = YES;
				GCC_OPTIMIZATION_LEVEL = 0;
				GCC_PREPROCESSOR_DEFINITIONS = (
					"DEBUG=1",
					"$(inherited)",
				);
				GCC_WARN_64_TO_32_BIT_CONVERSION = YES;
				GCC_WARN_ABOUT_RETURN_TYPE = YES_ERROR;
				GCC_WARN_UNDECLARED_SELECTOR = YES;
				GCC_WARN_UNINITIALIZED_AUTOS = YES_AGGRESSIVE;
				GCC_WARN_UNUSED_FUNCTION = YES;
				GCC_WARN_UNUSED_VARIABLE = YES;
				IPHONEOS_DEPLOYMENT_TARGET = 12.1;
				MTL_ENABLE_DEBUG_INFO = INCLUDE_SOURCE;
				MTL_FAST_MATH = YES;
				ONLY_ACTIVE_ARCH = YES;
				SDKROOT = iphoneos;
				SWIFT_ACTIVE_COMPILATION_CONDITIONS = DEBUG;
				SWIFT_OPTIMIZATION_LEVEL = "-Onone";
			};
			name = Debug;
		};
		B94DF40421A3F95000CE30DF /* Release */ = {
			isa = XCBuildConfiguration;
			buildSettings = {
				ALWAYS_SEARCH_USER_PATHS = NO;
				CLANG_ANALYZER_NONNULL = YES;
				CLANG_ANALYZER_NUMBER_OBJECT_CONVERSION = YES_AGGRESSIVE;
				CLANG_CXX_LANGUAGE_STANDARD = "gnu++14";
				CLANG_CXX_LIBRARY = "libc++";
				CLANG_ENABLE_MODULES = YES;
				CLANG_ENABLE_OBJC_ARC = YES;
				CLANG_ENABLE_OBJC_WEAK = YES;
				CLANG_WARN_BLOCK_CAPTURE_AUTORELEASING = YES;
				CLANG_WARN_BOOL_CONVERSION = YES;
				CLANG_WARN_COMMA = YES;
				CLANG_WARN_CONSTANT_CONVERSION = YES;
				CLANG_WARN_DEPRECATED_OBJC_IMPLEMENTATIONS = YES;
				CLANG_WARN_DIRECT_OBJC_ISA_USAGE = YES_ERROR;
				CLANG_WARN_DOCUMENTATION_COMMENTS = YES;
				CLANG_WARN_EMPTY_BODY = YES;
				CLANG_WARN_ENUM_CONVERSION = YES;
				CLANG_WARN_INFINITE_RECURSION = YES;
				CLANG_WARN_INT_CONVERSION = YES;
				CLANG_WARN_NON_LITERAL_NULL_CONVERSION = YES;
				CLANG_WARN_OBJC_IMPLICIT_RETAIN_SELF = YES;
				CLANG_WARN_OBJC_LITERAL_CONVERSION = YES;
				CLANG_WARN_OBJC_ROOT_CLASS = YES_ERROR;
				CLANG_WARN_RANGE_LOOP_ANALYSIS = YES;
				CLANG_WARN_STRICT_PROTOTYPES = YES;
				CLANG_WARN_SUSPICIOUS_MOVE = YES;
				CLANG_WARN_UNGUARDED_AVAILABILITY = YES_AGGRESSIVE;
				CLANG_WARN_UNREACHABLE_CODE = YES;
				CLANG_WARN__DUPLICATE_METHOD_MATCH = YES;
				CODE_SIGN_IDENTITY = "iPhone Developer";
				COPY_PHASE_STRIP = NO;
				DEBUG_INFORMATION_FORMAT = "dwarf-with-dsym";
				ENABLE_NS_ASSERTIONS = NO;
				ENABLE_STRICT_OBJC_MSGSEND = YES;
				GCC_C_LANGUAGE_STANDARD = gnu11;
				GCC_NO_COMMON_BLOCKS = YES;
				GCC_WARN_64_TO_32_BIT_CONVERSION = YES;
				GCC_WARN_ABOUT_RETURN_TYPE = YES_ERROR;
				GCC_WARN_UNDECLARED_SELECTOR = YES;
				GCC_WARN_UNINITIALIZED_AUTOS = YES_AGGRESSIVE;
				GCC_WARN_UNUSED_FUNCTION = YES;
				GCC_WARN_UNUSED_VARIABLE = YES;
				IPHONEOS_DEPLOYMENT_TARGET = 12.1;
				MTL_ENABLE_DEBUG_INFO = NO;
				MTL_FAST_MATH = YES;
				SDKROOT = iphoneos;
				SWIFT_COMPILATION_MODE = wholemodule;
				SWIFT_OPTIMIZATION_LEVEL = "-O";
				VALIDATE_PRODUCT = YES;
			};
			name = Release;
		};
		B94DF40621A3F95000CE30DF /* Debug */ = {
			isa = XCBuildConfiguration;
			buildSettings = {
				ASSETCATALOG_COMPILER_APPICON_NAME = AppIcon;
				CODE_SIGN_STYLE = Automatic;
				ENABLE_BITCODE = NO;
				FRAMEWORK_SEARCH_PATHS = "$(SRCROOT)/../../common/build/xcode-frameworks";
				INFOPLIST_FILE = kotliniOS/Info.plist;
				LD_RUNPATH_SEARCH_PATHS = (
					"$(inherited)",
					"@executable_path/Frameworks",
				);
				PRODUCT_BUNDLE_IDENTIFIER = com.example.iyonaga.kotliniOS;
				PRODUCT_NAME = "$(TARGET_NAME)";
				SWIFT_VERSION = 4.2;
				TARGETED_DEVICE_FAMILY = "1,2";
			};
			name = Debug;
		};
		B94DF40721A3F95000CE30DF /* Release */ = {
			isa = XCBuildConfiguration;
			buildSettings = {
				ASSETCATALOG_COMPILER_APPICON_NAME = AppIcon;
				CODE_SIGN_STYLE = Automatic;
				ENABLE_BITCODE = NO;
				FRAMEWORK_SEARCH_PATHS = "$(SRCROOT)/../../common/build/xcode-frameworks";
				INFOPLIST_FILE = kotliniOS/Info.plist;
				LD_RUNPATH_SEARCH_PATHS = (
					"$(inherited)",
					"@executable_path/Frameworks",
				);
				PRODUCT_BUNDLE_IDENTIFIER = com.example.iyonaga.kotliniOS;
				PRODUCT_NAME = "$(TARGET_NAME)";
				SWIFT_VERSION = 4.2;
				TARGETED_DEVICE_FAMILY = "1,2";
			};
			name = Release;
		};
		B94DF40921A3F95000CE30DF /* Debug */ = {
			isa = XCBuildConfiguration;
			buildSettings = {
				ALWAYS_EMBED_SWIFT_STANDARD_LIBRARIES = YES;
				BUNDLE_LOADER = "$(TEST_HOST)";
				CODE_SIGN_STYLE = Automatic;
				INFOPLIST_FILE = kotliniOSTests/Info.plist;
				LD_RUNPATH_SEARCH_PATHS = (
					"$(inherited)",
					"@executable_path/Frameworks",
					"@loader_path/Frameworks",
				);
				PRODUCT_BUNDLE_IDENTIFIER = com.example.iyonaga.kotliniOSTests;
				PRODUCT_NAME = "$(TARGET_NAME)";
				SWIFT_VERSION = 4.2;
				TARGETED_DEVICE_FAMILY = "1,2";
				TEST_HOST = "$(BUILT_PRODUCTS_DIR)/kotliniOS.app/kotliniOS";
			};
			name = Debug;
		};
		B94DF40A21A3F95000CE30DF /* Release */ = {
			isa = XCBuildConfiguration;
			buildSettings = {
				ALWAYS_EMBED_SWIFT_STANDARD_LIBRARIES = YES;
				BUNDLE_LOADER = "$(TEST_HOST)";
				CODE_SIGN_STYLE = Automatic;
				INFOPLIST_FILE = kotliniOSTests/Info.plist;
				LD_RUNPATH_SEARCH_PATHS = (
					"$(inherited)",
					"@executable_path/Frameworks",
					"@loader_path/Frameworks",
				);
				PRODUCT_BUNDLE_IDENTIFIER = com.example.iyonaga.kotliniOSTests;
				PRODUCT_NAME = "$(TARGET_NAME)";
				SWIFT_VERSION = 4.2;
				TARGETED_DEVICE_FAMILY = "1,2";
				TEST_HOST = "$(BUILT_PRODUCTS_DIR)/kotliniOS.app/kotliniOS";
			};
			name = Release;
		};
		B94DF40C21A3F95000CE30DF /* Debug */ = {
			isa = XCBuildConfiguration;
			buildSettings = {
				ALWAYS_EMBED_SWIFT_STANDARD_LIBRARIES = YES;
				CODE_SIGN_STYLE = Automatic;
				INFOPLIST_FILE = kotliniOSUITests/Info.plist;
				LD_RUNPATH_SEARCH_PATHS = (
					"$(inherited)",
					"@executable_path/Frameworks",
					"@loader_path/Frameworks",
				);
				PRODUCT_BUNDLE_IDENTIFIER = com.example.iyonaga.kotliniOSUITests;
				PRODUCT_NAME = "$(TARGET_NAME)";
				SWIFT_VERSION = 4.2;
				TARGETED_DEVICE_FAMILY = "1,2";
				TEST_TARGET_NAME = kotliniOS;
			};
			name = Debug;
		};
		B94DF40D21A3F95000CE30DF /* Release */ = {
			isa = XCBuildConfiguration;
			buildSettings = {
				ALWAYS_EMBED_SWIFT_STANDARD_LIBRARIES = YES;
				CODE_SIGN_STYLE = Automatic;
				INFOPLIST_FILE = kotliniOSUITests/Info.plist;
				LD_RUNPATH_SEARCH_PATHS = (
					"$(inherited)",
					"@executable_path/Frameworks",
					"@loader_path/Frameworks",
				);
				PRODUCT_BUNDLE_IDENTIFIER = com.example.iyonaga.kotliniOSUITests;
				PRODUCT_NAME = "$(TARGET_NAME)";
				SWIFT_VERSION = 4.2;
				TARGETED_DEVICE_FAMILY = "1,2";
				TEST_TARGET_NAME = kotliniOS;
			};
			name = Release;
		};
/* End XCBuildConfiguration section */

/* Begin XCConfigurationList section */
		B94DF3D821A3F94E00CE30DF /* Build configuration list for PBXProject "kotliniOS" */ = {
			isa = XCConfigurationList;
			buildConfigurations = (
				B94DF40321A3F95000CE30DF /* Debug */,
				B94DF40421A3F95000CE30DF /* Release */,
			);
			defaultConfigurationIsVisible = 0;
			defaultConfigurationName = Release;
		};
		B94DF40521A3F95000CE30DF /* Build configuration list for PBXNativeTarget "kotliniOS" */ = {
			isa = XCConfigurationList;
			buildConfigurations = (
				B94DF40621A3F95000CE30DF /* Debug */,
				B94DF40721A3F95000CE30DF /* Release */,
			);
			defaultConfigurationIsVisible = 0;
			defaultConfigurationName = Release;
		};
		B94DF40821A3F95000CE30DF /* Build configuration list for PBXNativeTarget "kotliniOSTests" */ = {
			isa = XCConfigurationList;
			buildConfigurations = (
				B94DF40921A3F95000CE30DF /* Debug */,
				B94DF40A21A3F95000CE30DF /* Release */,
			);
			defaultConfigurationIsVisible = 0;
			defaultConfigurationName = Release;
		};
		B94DF40B21A3F95000CE30DF /* Build configuration list for PBXNativeTarget "kotliniOSUITests" */ = {
			isa = XCConfigurationList;
			buildConfigurations = (
				B94DF40C21A3F95000CE30DF /* Debug */,
				B94DF40D21A3F95000CE30DF /* Release */,
			);
			defaultConfigurationIsVisible = 0;
			defaultConfigurationName = Release;
		};
/* End XCConfigurationList section */
	};
	rootObject = B94DF3D521A3F94E00CE30DF /* Project object */;
}
